
Microsoft Visual Studio Solution File, Format Version 12.00
# Visual Studio Version 16
VisualStudioVersion = 16.0.30611.23
MinimumVisualStudioVersion = 10.0.40219.1
Project("{9A19103F-16F7-4668-BE54-9A1E7A4F7556}") = "Hangfire.Business", "Hangfire.Business\Hangfire.Business.csproj", "{479F9A45-77F3-4277-9B2E-C657195A685C}"
EndProject
Project("{9A19103F-16F7-4668-BE54-9A1E7A4F7556}") = "Hangfire.REST", "Hangfire.REST\Hangfire.REST.csproj", "{4F96E1A5-7DA9-49F3-B0CC-CC66DAF4740D}"
EndProject
Project("{2150E333-8FDC-42A3-9474-1A3956D46DE8}") = "Utils", "Utils", "{9C3F402C-51BD-46CB-A884-E0B58CAFB97C}"
EndProject
Project("{9A19103F-16F7-4668-BE54-9A1E7A4F7556}") = "hangfire.Business.Models", "Hangfire.Models\hangfire.Business.Models.csproj", "{BF795AD8-A505-4F4D-9DE7-4BB165F751B5}"
EndProject
Project("{9A19103F-16F7-4668-BE54-9A1E7A4F7556}") = "Hangfire.Business.Interfaces", "Hangfire.Business.Interfaces\Hangfire.Business.Interfaces.csproj", "{7C6D9BF4-C130-4E50-A92A-B23CDF488113}"
EndProject
Project("{9A19103F-16F7-4668-BE54-9A1E7A4F7556}") = "Hangfire.Repository.Interfaces", "Hangfire.Repository.Interfaces\Hangfire.Repository.Interfaces.csproj", "{12267F91-BA33-40E4-B982-D5023BF1E136}"
EndProject
Project("{2150E333-8FDC-42A3-9474-1A3956D46DE8}") = "Repository", "Repository", "{C7A27DED-2803-4FC5-A3F5-62701460A38B}"
EndProject
Project("{2150E333-8FDC-42A3-9474-1A3956D46DE8}") = "Business", "Business", "{C3D12616-4AB1-45CC-B73E-9ADBA55664EB}"
EndProject
Project("{9A19103F-16F7-4668-BE54-9A1E7A4F7556}") = "Hangfire.Repository", "Hangfire.Repository\Hangfire.Repository.csproj", "{CEC5A72E-3D27-45BA-98C7-FED13A3C3806}"
EndProject
Project("{9A19103F-16F7-4668-BE54-9A1E7A4F7556}") = "Hangfire.Repository.Entities", "Hangfire.Repository.Entities\Hangfire.Repository.Entities.csproj", "{424E55D9-73CD-4A35-A457-0F5EB72C67EB}"
EndProject
Project("{9A19103F-16F7-4668-BE54-9A1E7A4F7556}") = "SchoolUtils", "Utils\SchoolUtils.csproj", "{202718A8-1CCC-4CA6-8D17-CEFB59CAEEDE}"
EndProject
Global
	GlobalSection(SolutionConfigurationPlatforms) = preSolution
		Debug|Any CPU = Debug|Any CPU
		Release|Any CPU = Release|Any CPU
	EndGlobalSection
	GlobalSection(ProjectConfigurationPlatforms) = postSolution
		{479F9A45-77F3-4277-9B2E-C657195A685C}.Debug|Any CPU.ActiveCfg = Debug|Any CPU
		{479F9A45-77F3-4277-9B2E-C657195A685C}.Debug|Any CPU.Build.0 = Debug|Any CPU
		{479F9A45-77F3-4277-9B2E-C657195A685C}.Release|Any CPU.ActiveCfg = Release|Any CPU
		{479F9A45-77F3-4277-9B2E-C657195A685C}.Release|Any CPU.Build.0 = Release|Any CPU
		{4F96E1A5-7DA9-49F3-B0CC-CC66DAF4740D}.Debug|Any CPU.ActiveCfg = Debug|Any CPU
		{4F96E1A5-7DA9-49F3-B0CC-CC66DAF4740D}.Debug|Any CPU.Build.0 = Debug|Any CPU
		{4F96E1A5-7DA9-49F3-B0CC-CC66DAF4740D}.Release|Any CPU.ActiveCfg = Release|Any CPU
		{4F96E1A5-7DA9-49F3-B0CC-CC66DAF4740D}.Release|Any CPU.Build.0 = Release|Any CPU
		{BF795AD8-A505-4F4D-9DE7-4BB165F751B5}.Debug|Any CPU.ActiveCfg = Debug|Any CPU
		{BF795AD8-A505-4F4D-9DE7-4BB165F751B5}.Debug|Any CPU.Build.0 = Debug|Any CPU
		{BF795AD8-A505-4F4D-9DE7-4BB165F751B5}.Release|Any CPU.ActiveCfg = Release|Any CPU
		{BF795AD8-A505-4F4D-9DE7-4BB165F751B5}.Release|Any CPU.Build.0 = Release|Any CPU
		{7C6D9BF4-C130-4E50-A92A-B23CDF488113}.Debug|Any CPU.ActiveCfg = Debug|Any CPU
		{7C6D9BF4-C130-4E50-A92A-B23CDF488113}.Debug|Any CPU.Build.0 = Debug|Any CPU
		{7C6D9BF4-C130-4E50-A92A-B23CDF488113}.Release|Any CPU.ActiveCfg = Release|Any CPU
		{7C6D9BF4-C130-4E50-A92A-B23CDF488113}.Release|Any CPU.Build.0 = Release|Any CPU
		{12267F91-BA33-40E4-B982-D5023BF1E136}.Debug|Any CPU.ActiveCfg = Debug|Any CPU
		{12267F91-BA33-40E4-B982-D5023BF1E136}.Debug|Any CPU.Build.0 = Debug|Any CPU
		{12267F91-BA33-40E4-B982-D5023BF1E136}.Release|Any CPU.ActiveCfg = Release|Any CPU
		{12267F91-BA33-40E4-B982-D5023BF1E136}.Release|Any CPU.Build.0 = Release|Any CPU
		{CEC5A72E-3D27-45BA-98C7-FED13A3C3806}.Debug|Any CPU.ActiveCfg = Debug|Any CPU
		{CEC5A72E-3D27-45BA-98C7-FED13A3C3806}.Debug|Any CPU.Build.0 = Debug|Any CPU
		{CEC5A72E-3D27-45BA-98C7-FED13A3C3806}.Release|Any CPU.ActiveCfg = Release|Any CPU
		{CEC5A72E-3D27-45BA-98C7-FED13A3C3806}.Release|Any CPU.Build.0 = Release|Any CPU
		{424E55D9-73CD-4A35-A457-0F5EB72C67EB}.Debug|Any CPU.ActiveCfg = Debug|Any CPU
		{424E55D9-73CD-4A35-A457-0F5EB72C67EB}.Debug|Any CPU.Build.0 = Debug|Any CPU
		{424E55D9-73CD-4A35-A457-0F5EB72C67EB}.Release|Any CPU.ActiveCfg = Release|Any CPU
		{424E55D9-73CD-4A35-A457-0F5EB72C67EB}.Release|Any CPU.Build.0 = Release|Any CPU
		{202718A8-1CCC-4CA6-8D17-CEFB59CAEEDE}.Debug|Any CPU.ActiveCfg = Debug|Any CPU
		{202718A8-1CCC-4CA6-8D17-CEFB59CAEEDE}.Debug|Any CPU.Build.0 = Debug|Any CPU
		{202718A8-1CCC-4CA6-8D17-CEFB59CAEEDE}.Release|Any CPU.ActiveCfg = Release|Any CPU
		{202718A8-1CCC-4CA6-8D17-CEFB59CAEEDE}.Release|Any CPU.Build.0 = Release|Any CPU
	EndGlobalSection
	GlobalSection(SolutionProperties) = preSolution
		HideSolutionNode = FALSE
	EndGlobalSection
	GlobalSection(NestedProjects) = preSolution
		{479F9A45-77F3-4277-9B2E-C657195A685C} = {C3D12616-4AB1-45CC-B73E-9ADBA55664EB}
		{BF795AD8-A505-4F4D-9DE7-4BB165F751B5} = {C3D12616-4AB1-45CC-B73E-9ADBA55664EB}
		{7C6D9BF4-C130-4E50-A92A-B23CDF488113} = {C3D12616-4AB1-45CC-B73E-9ADBA55664EB}
		{12267F91-BA33-40E4-B982-D5023BF1E136} = {C7A27DED-2803-4FC5-A3F5-62701460A38B}
		{CEC5A72E-3D27-45BA-98C7-FED13A3C3806} = {C7A27DED-2803-4FC5-A3F5-62701460A38B}
		{424E55D9-73CD-4A35-A457-0F5EB72C67EB} = {C7A27DED-2803-4FC5-A3F5-62701460A38B}
		{202718A8-1CCC-4CA6-8D17-CEFB59CAEEDE} = {9C3F402C-51BD-46CB-A884-E0B58CAFB97C}
	EndGlobalSection
	GlobalSection(ExtensibilityGlobals) = postSolution
		SolutionGuid = {6C0BE2B6-26BE-40DC-B934-DB19902A6068}
	EndGlobalSection
EndGlobal
